
Microsoft Visual Studio Solution File, Format Version 12.00
# Visual Studio Version 17
VisualStudioVersion = 17.8.0.0
MinimumVisualStudioVersion = 17.8.0.0
Project("{9A19103F-16F7-4668-BE54-9A1E7A4F7556}") = "SharpSite.AppHost", "SharpSite.AppHost\SharpSite.AppHost.csproj", "{B76F4DC7-073A-4521-AAA2-5920A92FB9C2}"
EndProject
Project("{9A19103F-16F7-4668-BE54-9A1E7A4F7556}") = "SharpSite.ServiceDefaults", "SharpSite.ServiceDefaults\SharpSite.ServiceDefaults.csproj", "{69274D92-FC5E-4459-9874-ABE8E37CD34F}"
EndProject
Project("{9A19103F-16F7-4668-BE54-9A1E7A4F7556}") = "SharpSite.Web", "SharpSite.Web\SharpSite.Web.csproj", "{DE034223-9D30-4F03-A63E-DE1A7611DB52}"
EndProject
Project("{FAE04EC0-301F-11D3-BF4B-00C04F79EFBC}") = "SharpSite.Abstractions", "SharpSite.Abstractions\SharpSite.Abstractions.csproj", "{72FA60DA-37C2-4A3F-AA89-790A9AFBAD9C}"
EndProject
Project("{FAE04EC0-301F-11D3-BF4B-00C04F79EFBC}") = "SharpSite.Data.Postgres", "SharpSite.Data.Postgres\SharpSite.Data.Postgres.csproj", "{93BB1DA5-64F7-4803-8D9E-C5E0CF2EA3AE}"
EndProject
Project("{FAE04EC0-301F-11D3-BF4B-00C04F79EFBC}") = "SharpSite.Data.Postgres.Migration", "SharpSite.Data.Postgres.Migration\SharpSite.Data.Postgres.Migration.csproj", "{6594608C-854F-436B-8B5B-4FF223A57C8B}"
EndProject
Project("{2150E333-8FDC-42A3-9474-1A3956D46DE8}") = "0. Solution Items", "0. Solution Items", "{7945F415-9A7B-4382-8B3D-622EA100AF68}"
	ProjectSection(SolutionItems) = preProject
		.editorconfig = .editorconfig
		.gitignore = .gitignore
		Directory.Packages.props = Directory.Packages.props
		nuget.config = nuget.config
		README.md = README.md
	EndProjectSection
EndProject
Project("{FAE04EC0-301F-11D3-BF4B-00C04F79EFBC}") = "SharpSite.Security.Postgres", "SharpSite.Security.Postgres\SharpSite.Security.Postgres.csproj", "{54A18D7C-1CCA-45E1-BA39-5DA88E4155DE}"
EndProject
Project("{2150E333-8FDC-42A3-9474-1A3956D46DE8}") = "2. Samples", "2. Samples", "{02EA681E-C7D8-13C7-8484-4AC65E1B71E8}"
EndProject
Project("{FAE04EC0-301F-11D3-BF4B-00C04F79EFBC}") = "Sample.FirstThemePlugin", "Sample.FirstThemePlugin\Sample.FirstThemePlugin.csproj", "{9D1D0B4C-4384-44B6-8DA2-958D11942FE4}"
EndProject
Project("{FAE04EC0-301F-11D3-BF4B-00C04F79EFBC}") = "SharpSite.Abstractions.Theme", "SharpSite.Abstractions.Theme\SharpSite.Abstractions.Theme.csproj", "{3D0E3E4D-A167-4E83-990F-8CC8C3392D5E}"
EndProject
Project("{2150E333-8FDC-42A3-9474-1A3956D46DE8}") = "1. Source", "1. Source", "{ED943946-A640-4B85-83C9-0FF6BCE8BA5A}"
EndProject
Project("{FAE04EC0-301F-11D3-BF4B-00C04F79EFBC}") = "SharpSite.Plugins", "SharpSite.Plugins\SharpSite.Plugins.csproj", "{284367AF-6D9E-4D65-BB33-3C9F53DFC216}"
EndProject
Project("{FAE04EC0-301F-11D3-BF4B-00C04F79EFBC}") = "SharpSite.Logging", "SharpSite.Logging\SharpSite.Logging.csproj", "{20FD81B8-A3A7-40BA-A913-C8FAD3CCB691}"
EndProject
Global
	GlobalSection(SolutionConfigurationPlatforms) = preSolution
		Debug|Any CPU = Debug|Any CPU
		Release|Any CPU = Release|Any CPU
	EndGlobalSection
	GlobalSection(ProjectConfigurationPlatforms) = postSolution
		{B76F4DC7-073A-4521-AAA2-5920A92FB9C2}.Debug|Any CPU.ActiveCfg = Debug|Any CPU
		{B76F4DC7-073A-4521-AAA2-5920A92FB9C2}.Debug|Any CPU.Build.0 = Debug|Any CPU
		{B76F4DC7-073A-4521-AAA2-5920A92FB9C2}.Release|Any CPU.ActiveCfg = Release|Any CPU
		{B76F4DC7-073A-4521-AAA2-5920A92FB9C2}.Release|Any CPU.Build.0 = Release|Any CPU
		{69274D92-FC5E-4459-9874-ABE8E37CD34F}.Debug|Any CPU.ActiveCfg = Debug|Any CPU
		{69274D92-FC5E-4459-9874-ABE8E37CD34F}.Debug|Any CPU.Build.0 = Debug|Any CPU
		{69274D92-FC5E-4459-9874-ABE8E37CD34F}.Release|Any CPU.ActiveCfg = Release|Any CPU
		{69274D92-FC5E-4459-9874-ABE8E37CD34F}.Release|Any CPU.Build.0 = Release|Any CPU
		{DE034223-9D30-4F03-A63E-DE1A7611DB52}.Debug|Any CPU.ActiveCfg = Debug|Any CPU
		{DE034223-9D30-4F03-A63E-DE1A7611DB52}.Debug|Any CPU.Build.0 = Debug|Any CPU
		{DE034223-9D30-4F03-A63E-DE1A7611DB52}.Release|Any CPU.ActiveCfg = Release|Any CPU
		{DE034223-9D30-4F03-A63E-DE1A7611DB52}.Release|Any CPU.Build.0 = Release|Any CPU
		{72FA60DA-37C2-4A3F-AA89-790A9AFBAD9C}.Debug|Any CPU.ActiveCfg = Debug|Any CPU
		{72FA60DA-37C2-4A3F-AA89-790A9AFBAD9C}.Debug|Any CPU.Build.0 = Debug|Any CPU
		{72FA60DA-37C2-4A3F-AA89-790A9AFBAD9C}.Release|Any CPU.ActiveCfg = Release|Any CPU
		{72FA60DA-37C2-4A3F-AA89-790A9AFBAD9C}.Release|Any CPU.Build.0 = Release|Any CPU
		{93BB1DA5-64F7-4803-8D9E-C5E0CF2EA3AE}.Debug|Any CPU.ActiveCfg = Debug|Any CPU
		{93BB1DA5-64F7-4803-8D9E-C5E0CF2EA3AE}.Debug|Any CPU.Build.0 = Debug|Any CPU
		{93BB1DA5-64F7-4803-8D9E-C5E0CF2EA3AE}.Release|Any CPU.ActiveCfg = Release|Any CPU
		{93BB1DA5-64F7-4803-8D9E-C5E0CF2EA3AE}.Release|Any CPU.Build.0 = Release|Any CPU
		{6594608C-854F-436B-8B5B-4FF223A57C8B}.Debug|Any CPU.ActiveCfg = Debug|Any CPU
		{6594608C-854F-436B-8B5B-4FF223A57C8B}.Debug|Any CPU.Build.0 = Debug|Any CPU
		{6594608C-854F-436B-8B5B-4FF223A57C8B}.Release|Any CPU.ActiveCfg = Release|Any CPU
		{6594608C-854F-436B-8B5B-4FF223A57C8B}.Release|Any CPU.Build.0 = Release|Any CPU
		{54A18D7C-1CCA-45E1-BA39-5DA88E4155DE}.Debug|Any CPU.ActiveCfg = Debug|Any CPU
		{54A18D7C-1CCA-45E1-BA39-5DA88E4155DE}.Debug|Any CPU.Build.0 = Debug|Any CPU
		{54A18D7C-1CCA-45E1-BA39-5DA88E4155DE}.Release|Any CPU.ActiveCfg = Release|Any CPU
		{54A18D7C-1CCA-45E1-BA39-5DA88E4155DE}.Release|Any CPU.Build.0 = Release|Any CPU
		{9D1D0B4C-4384-44B6-8DA2-958D11942FE4}.Debug|Any CPU.ActiveCfg = Debug|Any CPU
		{9D1D0B4C-4384-44B6-8DA2-958D11942FE4}.Debug|Any CPU.Build.0 = Debug|Any CPU
		{9D1D0B4C-4384-44B6-8DA2-958D11942FE4}.Release|Any CPU.ActiveCfg = Release|Any CPU
		{9D1D0B4C-4384-44B6-8DA2-958D11942FE4}.Release|Any CPU.Build.0 = Release|Any CPU
		{3D0E3E4D-A167-4E83-990F-8CC8C3392D5E}.Debug|Any CPU.ActiveCfg = Debug|Any CPU
		{3D0E3E4D-A167-4E83-990F-8CC8C3392D5E}.Debug|Any CPU.Build.0 = Debug|Any CPU
		{3D0E3E4D-A167-4E83-990F-8CC8C3392D5E}.Release|Any CPU.ActiveCfg = Release|Any CPU
		{3D0E3E4D-A167-4E83-990F-8CC8C3392D5E}.Release|Any CPU.Build.0 = Release|Any CPU
		{284367AF-6D9E-4D65-BB33-3C9F53DFC216}.Debug|Any CPU.ActiveCfg = Debug|Any CPU
		{284367AF-6D9E-4D65-BB33-3C9F53DFC216}.Debug|Any CPU.Build.0 = Debug|Any CPU
		{284367AF-6D9E-4D65-BB33-3C9F53DFC216}.Release|Any CPU.ActiveCfg = Release|Any CPU
		{284367AF-6D9E-4D65-BB33-3C9F53DFC216}.Release|Any CPU.Build.0 = Release|Any CPU
		{20FD81B8-A3A7-40BA-A913-C8FAD3CCB691}.Debug|Any CPU.ActiveCfg = Debug|Any CPU
		{20FD81B8-A3A7-40BA-A913-C8FAD3CCB691}.Debug|Any CPU.Build.0 = Debug|Any CPU
		{20FD81B8-A3A7-40BA-A913-C8FAD3CCB691}.Release|Any CPU.ActiveCfg = Release|Any CPU
		{20FD81B8-A3A7-40BA-A913-C8FAD3CCB691}.Release|Any CPU.Build.0 = Release|Any CPU
	EndGlobalSection
	GlobalSection(SolutionProperties) = preSolution
		HideSolutionNode = FALSE
	EndGlobalSection
	GlobalSection(NestedProjects) = preSolution
		{B76F4DC7-073A-4521-AAA2-5920A92FB9C2} = {ED943946-A640-4B85-83C9-0FF6BCE8BA5A}
		{69274D92-FC5E-4459-9874-ABE8E37CD34F} = {ED943946-A640-4B85-83C9-0FF6BCE8BA5A}
		{DE034223-9D30-4F03-A63E-DE1A7611DB52} = {ED943946-A640-4B85-83C9-0FF6BCE8BA5A}
		{72FA60DA-37C2-4A3F-AA89-790A9AFBAD9C} = {ED943946-A640-4B85-83C9-0FF6BCE8BA5A}
		{93BB1DA5-64F7-4803-8D9E-C5E0CF2EA3AE} = {ED943946-A640-4B85-83C9-0FF6BCE8BA5A}
		{6594608C-854F-436B-8B5B-4FF223A57C8B} = {ED943946-A640-4B85-83C9-0FF6BCE8BA5A}
		{54A18D7C-1CCA-45E1-BA39-5DA88E4155DE} = {ED943946-A640-4B85-83C9-0FF6BCE8BA5A}
		{9D1D0B4C-4384-44B6-8DA2-958D11942FE4} = {02EA681E-C7D8-13C7-8484-4AC65E1B71E8}
		{3D0E3E4D-A167-4E83-990F-8CC8C3392D5E} = {ED943946-A640-4B85-83C9-0FF6BCE8BA5A}
		{284367AF-6D9E-4D65-BB33-3C9F53DFC216} = {ED943946-A640-4B85-83C9-0FF6BCE8BA5A}
		{20FD81B8-A3A7-40BA-A913-C8FAD3CCB691} = {ED943946-A640-4B85-83C9-0FF6BCE8BA5A}
	EndGlobalSection
	GlobalSection(ExtensibilityGlobals) = postSolution
		SolutionGuid = {62A15C13-360B-4791-89E9-1FDDFE483970}
	EndGlobalSection
EndGlobal
