
Microsoft Visual Studio Solution File, Format Version 12.00
# Visual Studio Version 17
VisualStudioVersion = 17.8.0.0
MinimumVisualStudioVersion = 17.8.0.0
Project("{9A19103F-16F7-4668-BE54-9A1E7A4F7556}") = "SharpSite.AppHost", "src\SharpSite.AppHost\SharpSite.AppHost.csproj", "{B76F4DC7-073A-4521-AAA2-5920A92FB9C2}"
EndProject
Project("{9A19103F-16F7-4668-BE54-9A1E7A4F7556}") = "SharpSite.ServiceDefaults", "src\SharpSite.ServiceDefaults\SharpSite.ServiceDefaults.csproj", "{69274D92-FC5E-4459-9874-ABE8E37CD34F}"
EndProject
Project("{9A19103F-16F7-4668-BE54-9A1E7A4F7556}") = "SharpSite.Web", "src\SharpSite.Web\SharpSite.Web.csproj", "{DE034223-9D30-4F03-A63E-DE1A7611DB52}"
EndProject
Project("{FAE04EC0-301F-11D3-BF4B-00C04F79EFBC}") = "SharpSite.Data.Postgres", "src\SharpSite.Data.Postgres\SharpSite.Data.Postgres.csproj", "{93BB1DA5-64F7-4803-8D9E-C5E0CF2EA3AE}"
EndProject
Project("{FAE04EC0-301F-11D3-BF4B-00C04F79EFBC}") = "SharpSite.Data.Postgres.Migration", "src\SharpSite.Data.Postgres.Migration\SharpSite.Data.Postgres.Migration.csproj", "{6594608C-854F-436B-8B5B-4FF223A57C8B}"
EndProject
Project("{2150E333-8FDC-42A3-9474-1A3956D46DE8}") = "0. Solution Items", "0. Solution Items", "{7945F415-9A7B-4382-8B3D-622EA100AF68}"
	ProjectSection(SolutionItems) = preProject
		.editorconfig = .editorconfig
		.gitignore = .gitignore
		Directory.Build.props = Directory.Build.props
		Directory.Packages.props = Directory.Packages.props
		nuget.config = nuget.config
		README.md = README.md
	EndProjectSection
EndProject
Project("{FAE04EC0-301F-11D3-BF4B-00C04F79EFBC}") = "SharpSite.Security.Postgres", "src\SharpSite.Security.Postgres\SharpSite.Security.Postgres.csproj", "{54A18D7C-1CCA-45E1-BA39-5DA88E4155DE}"
EndProject
Project("{2150E333-8FDC-42A3-9474-1A3956D46DE8}") = "9. Samples", "9. Samples", "{02EA681E-C7D8-13C7-8484-4AC65E1B71E8}"
EndProject
Project("{2150E333-8FDC-42A3-9474-1A3956D46DE8}") = "5. Source", "5. Source", "{ED943946-A640-4B85-83C9-0FF6BCE8BA5A}"
EndProject
Project("{FAE04EC0-301F-11D3-BF4B-00C04F79EFBC}") = "SharpSite.Plugins", "src\SharpSite.Plugins\SharpSite.Plugins.csproj", "{284367AF-6D9E-4D65-BB33-3C9F53DFC216}"
EndProject
Project("{2150E333-8FDC-42A3-9474-1A3956D46DE8}") = "1. Abstractions", "1. Abstractions", "{78159F07-C2D0-4A40-BFDD-828C76C62052}"
EndProject
Project("{FAE04EC0-301F-11D3-BF4B-00C04F79EFBC}") = "SharpSite.Abstractions", "src\SharpSite.Abstractions\SharpSite.Abstractions.csproj", "{A5402D97-54ED-DAA6-91F5-FD820D0C463C}"
EndProject
Project("{FAE04EC0-301F-11D3-BF4B-00C04F79EFBC}") = "SharpSite.Abstractions.Base", "src\SharpSite.Abstractions.Base\SharpSite.Abstractions.Base.csproj", "{6641DEF6-5149-EC0E-1612-9CADB4E023D8}"
EndProject
Project("{FAE04EC0-301F-11D3-BF4B-00C04F79EFBC}") = "SharpSite.Abstractions.FileStorage", "src\SharpSite.Abstractions.FileStorage\SharpSite.Abstractions.FileStorage.csproj", "{A0B5D0C3-B9FC-45C1-2AFA-7933EA9C80FC}"
EndProject
Project("{FAE04EC0-301F-11D3-BF4B-00C04F79EFBC}") = "SharpSite.Abstractions.Theme", "src\SharpSite.Abstractions.Theme\SharpSite.Abstractions.Theme.csproj", "{1E26DFCF-5E99-5AA2-DE85-0CE07D435DE4}"
EndProject
Project("{FAE04EC0-301F-11D3-BF4B-00C04F79EFBC}") = "Sample.FirstThemePlugin", "plugins\Sample.FirstThemePlugin\Sample.FirstThemePlugin.csproj", "{616A0E6E-1EF1-E084-7B5B-FB8550FC5D2B}"
EndProject
Project("{FAE04EC0-301F-11D3-BF4B-00C04F79EFBC}") = "SharpSite.Plugins.FileStorage.FileSystem", "plugins\SharpSite.Plugins.FileStorage.FileSystem\SharpSite.Plugins.FileStorage.FileSystem.csproj", "{78190D3E-4EE1-4C41-72A9-E7A7FBFA5767}"
EndProject
Project("{2150E333-8FDC-42A3-9474-1A3956D46DE8}") = "7. Tests", "7. Tests", "{3266CA51-9816-4037-9715-701EB6C2928A}"
EndProject
Project("{FAE04EC0-301F-11D3-BF4B-00C04F79EFBC}") = "SharpSite.Tests.Web", "tests\SharpSite.Tests.Web\SharpSite.Tests.Web.csproj", "{BA24379C-40D5-5EDF-63BE-CE5BC727E45D}"
EndProject
Project("{2150E333-8FDC-42A3-9474-1A3956D46DE8}") = "8. End-to-End", "8. End-to-End", "{8779454A-1F9C-4705-8EE0-5980C6B9C2A5}"
EndProject
Project("{FAE04EC0-301F-11D3-BF4B-00C04F79EFBC}") = "SharpSite.E2E", "e2e\SharpSite.E2E\SharpSite.E2E.csproj", "{EFCFB571-6B0C-35CD-6664-160CA5B39244}"
EndProject
Global
	GlobalSection(SolutionConfigurationPlatforms) = preSolution
		Debug|Any CPU = Debug|Any CPU
		Release|Any CPU = Release|Any CPU
	EndGlobalSection
	GlobalSection(ProjectConfigurationPlatforms) = postSolution
		{B76F4DC7-073A-4521-AAA2-5920A92FB9C2}.Debug|Any CPU.ActiveCfg = Debug|Any CPU
		{B76F4DC7-073A-4521-AAA2-5920A92FB9C2}.Debug|Any CPU.Build.0 = Debug|Any CPU
		{B76F4DC7-073A-4521-AAA2-5920A92FB9C2}.Release|Any CPU.ActiveCfg = Release|Any CPU
		{B76F4DC7-073A-4521-AAA2-5920A92FB9C2}.Release|Any CPU.Build.0 = Release|Any CPU
		{69274D92-FC5E-4459-9874-ABE8E37CD34F}.Debug|Any CPU.ActiveCfg = Debug|Any CPU
		{69274D92-FC5E-4459-9874-ABE8E37CD34F}.Debug|Any CPU.Build.0 = Debug|Any CPU
		{69274D92-FC5E-4459-9874-ABE8E37CD34F}.Release|Any CPU.ActiveCfg = Release|Any CPU
		{69274D92-FC5E-4459-9874-ABE8E37CD34F}.Release|Any CPU.Build.0 = Release|Any CPU
		{DE034223-9D30-4F03-A63E-DE1A7611DB52}.Debug|Any CPU.ActiveCfg = Debug|Any CPU
		{DE034223-9D30-4F03-A63E-DE1A7611DB52}.Debug|Any CPU.Build.0 = Debug|Any CPU
		{DE034223-9D30-4F03-A63E-DE1A7611DB52}.Release|Any CPU.ActiveCfg = Release|Any CPU
		{DE034223-9D30-4F03-A63E-DE1A7611DB52}.Release|Any CPU.Build.0 = Release|Any CPU
		{93BB1DA5-64F7-4803-8D9E-C5E0CF2EA3AE}.Debug|Any CPU.ActiveCfg = Debug|Any CPU
		{93BB1DA5-64F7-4803-8D9E-C5E0CF2EA3AE}.Debug|Any CPU.Build.0 = Debug|Any CPU
		{93BB1DA5-64F7-4803-8D9E-C5E0CF2EA3AE}.Release|Any CPU.ActiveCfg = Release|Any CPU
		{93BB1DA5-64F7-4803-8D9E-C5E0CF2EA3AE}.Release|Any CPU.Build.0 = Release|Any CPU
		{6594608C-854F-436B-8B5B-4FF223A57C8B}.Debug|Any CPU.ActiveCfg = Debug|Any CPU
		{6594608C-854F-436B-8B5B-4FF223A57C8B}.Debug|Any CPU.Build.0 = Debug|Any CPU
		{6594608C-854F-436B-8B5B-4FF223A57C8B}.Release|Any CPU.ActiveCfg = Release|Any CPU
		{6594608C-854F-436B-8B5B-4FF223A57C8B}.Release|Any CPU.Build.0 = Release|Any CPU
		{54A18D7C-1CCA-45E1-BA39-5DA88E4155DE}.Debug|Any CPU.ActiveCfg = Debug|Any CPU
		{54A18D7C-1CCA-45E1-BA39-5DA88E4155DE}.Debug|Any CPU.Build.0 = Debug|Any CPU
		{54A18D7C-1CCA-45E1-BA39-5DA88E4155DE}.Release|Any CPU.ActiveCfg = Release|Any CPU
		{54A18D7C-1CCA-45E1-BA39-5DA88E4155DE}.Release|Any CPU.Build.0 = Release|Any CPU
		{284367AF-6D9E-4D65-BB33-3C9F53DFC216}.Debug|Any CPU.ActiveCfg = Debug|Any CPU
		{284367AF-6D9E-4D65-BB33-3C9F53DFC216}.Debug|Any CPU.Build.0 = Debug|Any CPU
		{284367AF-6D9E-4D65-BB33-3C9F53DFC216}.Release|Any CPU.ActiveCfg = Release|Any CPU
		{284367AF-6D9E-4D65-BB33-3C9F53DFC216}.Release|Any CPU.Build.0 = Release|Any CPU
		{A5402D97-54ED-DAA6-91F5-FD820D0C463C}.Debug|Any CPU.ActiveCfg = Debug|Any CPU
		{A5402D97-54ED-DAA6-91F5-FD820D0C463C}.Debug|Any CPU.Build.0 = Debug|Any CPU
		{A5402D97-54ED-DAA6-91F5-FD820D0C463C}.Release|Any CPU.ActiveCfg = Release|Any CPU
		{A5402D97-54ED-DAA6-91F5-FD820D0C463C}.Release|Any CPU.Build.0 = Release|Any CPU
		{6641DEF6-5149-EC0E-1612-9CADB4E023D8}.Debug|Any CPU.ActiveCfg = Debug|Any CPU
		{6641DEF6-5149-EC0E-1612-9CADB4E023D8}.Debug|Any CPU.Build.0 = Debug|Any CPU
		{6641DEF6-5149-EC0E-1612-9CADB4E023D8}.Release|Any CPU.ActiveCfg = Release|Any CPU
		{6641DEF6-5149-EC0E-1612-9CADB4E023D8}.Release|Any CPU.Build.0 = Release|Any CPU
		{A0B5D0C3-B9FC-45C1-2AFA-7933EA9C80FC}.Debug|Any CPU.ActiveCfg = Debug|Any CPU
		{A0B5D0C3-B9FC-45C1-2AFA-7933EA9C80FC}.Debug|Any CPU.Build.0 = Debug|Any CPU
		{A0B5D0C3-B9FC-45C1-2AFA-7933EA9C80FC}.Release|Any CPU.ActiveCfg = Release|Any CPU
		{A0B5D0C3-B9FC-45C1-2AFA-7933EA9C80FC}.Release|Any CPU.Build.0 = Release|Any CPU
		{1E26DFCF-5E99-5AA2-DE85-0CE07D435DE4}.Debug|Any CPU.ActiveCfg = Debug|Any CPU
		{1E26DFCF-5E99-5AA2-DE85-0CE07D435DE4}.Debug|Any CPU.Build.0 = Debug|Any CPU
		{1E26DFCF-5E99-5AA2-DE85-0CE07D435DE4}.Release|Any CPU.ActiveCfg = Release|Any CPU
		{1E26DFCF-5E99-5AA2-DE85-0CE07D435DE4}.Release|Any CPU.Build.0 = Release|Any CPU
		{616A0E6E-1EF1-E084-7B5B-FB8550FC5D2B}.Debug|Any CPU.ActiveCfg = Debug|Any CPU
		{616A0E6E-1EF1-E084-7B5B-FB8550FC5D2B}.Debug|Any CPU.Build.0 = Debug|Any CPU
		{616A0E6E-1EF1-E084-7B5B-FB8550FC5D2B}.Release|Any CPU.ActiveCfg = Release|Any CPU
		{616A0E6E-1EF1-E084-7B5B-FB8550FC5D2B}.Release|Any CPU.Build.0 = Release|Any CPU
		{78190D3E-4EE1-4C41-72A9-E7A7FBFA5767}.Debug|Any CPU.ActiveCfg = Debug|Any CPU
		{78190D3E-4EE1-4C41-72A9-E7A7FBFA5767}.Debug|Any CPU.Build.0 = Debug|Any CPU
		{78190D3E-4EE1-4C41-72A9-E7A7FBFA5767}.Release|Any CPU.ActiveCfg = Release|Any CPU
		{78190D3E-4EE1-4C41-72A9-E7A7FBFA5767}.Release|Any CPU.Build.0 = Release|Any CPU
		{BA24379C-40D5-5EDF-63BE-CE5BC727E45D}.Debug|Any CPU.ActiveCfg = Debug|Any CPU
		{BA24379C-40D5-5EDF-63BE-CE5BC727E45D}.Debug|Any CPU.Build.0 = Debug|Any CPU
		{BA24379C-40D5-5EDF-63BE-CE5BC727E45D}.Release|Any CPU.ActiveCfg = Release|Any CPU
		{BA24379C-40D5-5EDF-63BE-CE5BC727E45D}.Release|Any CPU.Build.0 = Release|Any CPU
		{EFCFB571-6B0C-35CD-6664-160CA5B39244}.Debug|Any CPU.ActiveCfg = Debug|Any CPU
		{EFCFB571-6B0C-35CD-6664-160CA5B39244}.Debug|Any CPU.Build.0 = Debug|Any CPU
		{EFCFB571-6B0C-35CD-6664-160CA5B39244}.Release|Any CPU.ActiveCfg = Release|Any CPU
		{EFCFB571-6B0C-35CD-6664-160CA5B39244}.Release|Any CPU.Build.0 = Release|Any CPU
	EndGlobalSection
	GlobalSection(SolutionProperties) = preSolution
		HideSolutionNode = FALSE
	EndGlobalSection
	GlobalSection(NestedProjects) = preSolution
		{B76F4DC7-073A-4521-AAA2-5920A92FB9C2} = {ED943946-A640-4B85-83C9-0FF6BCE8BA5A}
		{69274D92-FC5E-4459-9874-ABE8E37CD34F} = {ED943946-A640-4B85-83C9-0FF6BCE8BA5A}
		{DE034223-9D30-4F03-A63E-DE1A7611DB52} = {ED943946-A640-4B85-83C9-0FF6BCE8BA5A}
		{93BB1DA5-64F7-4803-8D9E-C5E0CF2EA3AE} = {ED943946-A640-4B85-83C9-0FF6BCE8BA5A}
		{6594608C-854F-436B-8B5B-4FF223A57C8B} = {ED943946-A640-4B85-83C9-0FF6BCE8BA5A}
		{54A18D7C-1CCA-45E1-BA39-5DA88E4155DE} = {ED943946-A640-4B85-83C9-0FF6BCE8BA5A}
		{284367AF-6D9E-4D65-BB33-3C9F53DFC216} = {ED943946-A640-4B85-83C9-0FF6BCE8BA5A}
		{A5402D97-54ED-DAA6-91F5-FD820D0C463C} = {78159F07-C2D0-4A40-BFDD-828C76C62052}
		{6641DEF6-5149-EC0E-1612-9CADB4E023D8} = {78159F07-C2D0-4A40-BFDD-828C76C62052}
		{A0B5D0C3-B9FC-45C1-2AFA-7933EA9C80FC} = {78159F07-C2D0-4A40-BFDD-828C76C62052}
		{1E26DFCF-5E99-5AA2-DE85-0CE07D435DE4} = {78159F07-C2D0-4A40-BFDD-828C76C62052}
		{616A0E6E-1EF1-E084-7B5B-FB8550FC5D2B} = {02EA681E-C7D8-13C7-8484-4AC65E1B71E8}
		{78190D3E-4EE1-4C41-72A9-E7A7FBFA5767} = {02EA681E-C7D8-13C7-8484-4AC65E1B71E8}
		{BA24379C-40D5-5EDF-63BE-CE5BC727E45D} = {3266CA51-9816-4037-9715-701EB6C2928A}
		{EFCFB571-6B0C-35CD-6664-160CA5B39244} = {8779454A-1F9C-4705-8EE0-5980C6B9C2A5}
	EndGlobalSection
	GlobalSection(ExtensibilityGlobals) = postSolution
		SolutionGuid = {62A15C13-360B-4791-89E9-1FDDFE483970}
	EndGlobalSection
EndGlobal
