Microsoft Visual Studio Solution File, Format Version 12.00
# Visual Studio Version 17
VisualStudioVersion = 17.8.0.0
MinimumVisualStudioVersion = 17.8.0.0
Project("{9A19103F-16F7-4668-BE54-9A1E7A4F7556}") = "SharpSite.AppHost", "SharpSite.AppHost\SharpSite.AppHost.csproj", "{B76F4DC7-073A-4521-AAA2-5920A92FB9C2}"
EndProject
Project("{9A19103F-16F7-4668-BE54-9A1E7A4F7556}") = "SharpSite.ServiceDefaults", "SharpSite.ServiceDefaults\SharpSite.ServiceDefaults.csproj", "{69274D92-FC5E-4459-9874-ABE8E37CD34F}"
EndProject
Project("{9A19103F-16F7-4668-BE54-9A1E7A4F7556}") = "SharpSite.ApiService", "SharpSite.ApiService\SharpSite.ApiService.csproj", "{038562B6-2796-4722-A659-D6AE23354BF0}"
EndProject
Project("{9A19103F-16F7-4668-BE54-9A1E7A4F7556}") = "SharpSite.Web", "SharpSite.Web\SharpSite.Web.csproj", "{DE034223-9D30-4F03-A63E-DE1A7611DB52}"
EndProject
Global
	GlobalSection(SolutionConfigurationPlatforms) = preSolution
		Debug|Any CPU = Debug|Any CPU
		Release|Any CPU = Release|Any CPU
	EndGlobalSection
	GlobalSection(ProjectConfigurationPlatforms) = postSolution
		{B76F4DC7-073A-4521-AAA2-5920A92FB9C2}.Debug|Any CPU.ActiveCfg = Debug|Any CPU
		{B76F4DC7-073A-4521-AAA2-5920A92FB9C2}.Debug|Any CPU.Build.0 = Debug|Any CPU
		{B76F4DC7-073A-4521-AAA2-5920A92FB9C2}.Release|Any CPU.ActiveCfg = Release|Any CPU
		{B76F4DC7-073A-4521-AAA2-5920A92FB9C2}.Release|Any CPU.Build.0 = Release|Any CPU
		{69274D92-FC5E-4459-9874-ABE8E37CD34F}.Debug|Any CPU.ActiveCfg = Debug|Any CPU
		{69274D92-FC5E-4459-9874-ABE8E37CD34F}.Debug|Any CPU.Build.0 = Debug|Any CPU
		{69274D92-FC5E-4459-9874-ABE8E37CD34F}.Release|Any CPU.ActiveCfg = Release|Any CPU
		{69274D92-FC5E-4459-9874-ABE8E37CD34F}.Release|Any CPU.Build.0 = Release|Any CPU
		{038562B6-2796-4722-A659-D6AE23354BF0}.Debug|Any CPU.ActiveCfg = Debug|Any CPU
		{038562B6-2796-4722-A659-D6AE23354BF0}.Debug|Any CPU.Build.0 = Debug|Any CPU
		{038562B6-2796-4722-A659-D6AE23354BF0}.Release|Any CPU.ActiveCfg = Release|Any CPU
		{038562B6-2796-4722-A659-D6AE23354BF0}.Release|Any CPU.Build.0 = Release|Any CPU
		{DE034223-9D30-4F03-A63E-DE1A7611DB52}.Debug|Any CPU.ActiveCfg = Debug|Any CPU
		{DE034223-9D30-4F03-A63E-DE1A7611DB52}.Debug|Any CPU.Build.0 = Debug|Any CPU
		{DE034223-9D30-4F03-A63E-DE1A7611DB52}.Release|Any CPU.ActiveCfg = Release|Any CPU
		{DE034223-9D30-4F03-A63E-DE1A7611DB52}.Release|Any CPU.Build.0 = Release|Any CPU
	EndGlobalSection
	GlobalSection(SolutionProperties) = preSolution
		HideSolutionNode = FALSE
	EndGlobalSection
	GlobalSection(ExtensibilityGlobals) = postSolution
		SolutionGuid = {62A15C13-360B-4791-89E9-1FDDFE483970}
	EndGlobalSection
EndGlobal
