{
  "version": 1,
  "dependencies": {
    "net9.0": {
      "Microsoft.AspNetCore.Components.Web": {
        "type": "Direct",
        "requested": "(, )",
        "resolved": "3.0.0",
        "contentHash": "Efu7Lj0T6MONxkgp/33rbcIErg7x9Uy97/jmOF2AaUJ5cGOuQFKLMvkOL3gR7qEYoodr8XE49Tm8cE/CHJHZhQ==",
        "dependencies": {
          "Microsoft.AspNetCore.Components": "3.0.0",
          "Microsoft.AspNetCore.Components.Forms": "3.0.0",
          "Microsoft.Extensions.DependencyInjection": "3.0.0",
          "Microsoft.JSInterop": "3.0.0"
        }
      },
      "Microsoft.AspNetCore.Authorization": {
        "type": "Transitive",
        "resolved": "3.0.0",
        "contentHash": "pylAplpaC5r3YIh2OR4RcYCSYoMc/sZwHyGeyT43IbSMN+TqvO05pAybaFcNxPeZ+HxDP2LcRO/R1XHSCB2GKw==",
        "dependencies": {
          "Microsoft.AspNetCore.Metadata": "3.0.0",
          "Microsoft.Extensions.Logging.Abstractions": "3.0.0",
          "Microsoft.Extensions.Options": "3.0.0"
        }
      },
      "Microsoft.AspNetCore.Components": {
        "type": "Transitive",
        "resolved": "3.0.0",
        "contentHash": "aH23865LRGx21C36zNY0xcWzYRvQIqXsUzcR/9BIH/UezsNV2eWOKQaCkQItzo2RG2ebRkWk6livhc0VLeEt7Q==",
        "dependencies": {
          "Microsoft.AspNetCore.Authorization": "3.0.0",
          "Microsoft.AspNetCore.Components.Analyzers": "3.0.0",
          "Microsoft.JSInterop": "3.0.0"
        }
      },
      "Microsoft.AspNetCore.Components.Analyzers": {
        "type": "Transitive",
        "resolved": "3.0.0",
        "contentHash": "XqYERMlbxaVzcab5NVv1OyVh8KzEq8cSpfk2QSS6/9qtlkPEuNoDsEyPVlkIDktev66PhRhreq2W85r2siezmQ=="
      },
      "Microsoft.AspNetCore.Components.Forms": {
        "type": "Transitive",
        "resolved": "3.0.0",
        "contentHash": "oEFexkEnQTIedyfBU2FA16cPrEesBj+sa73Xr9V7xnqu2Tl7alHdCA/u0oJhzYsmY4qpcN2GA15yeAl4fNXOCw==",
        "dependencies": {
          "Microsoft.AspNetCore.Components": "3.0.0"
        }
      },
      "Microsoft.AspNetCore.Metadata": {
        "type": "Transitive",
        "resolved": "3.0.0",
        "contentHash": "gXT2t+bocyv4aCwwfrATy8QMHHZTRqZ/grmUzC+76MA1M+S0TIXp+BK3dEkvADVkhsAdERb5DnjqQKX3G/uMYQ=="
      },
      "Microsoft.Extensions.DependencyInjection": {
        "type": "Transitive",
        "resolved": "3.0.0",
        "contentHash": "yDsuNA/BT4j9qrcRs0NUNHQAJfywFWX18ZZ+shxXJL+/nIfz3vhuRTfnYgvFeQlNBlgmgdSjOcs4ajgoS6Q/Ng==",
        "dependencies": {
          "Microsoft.Extensions.DependencyInjection.Abstractions": "3.0.0"
        }
      },
      "Microsoft.Extensions.DependencyInjection.Abstractions": {
        "type": "Transitive",
        "resolved": "3.0.0",
        "contentHash": "ofQRroDlzJ0xKOtzNuaVt6QKNImFkhkG0lIMpGl7PtXnIf5SuLWBeiQZAP8DNSxDBJJdcsPkiJiMYK2WA5H8dQ=="
      },
      "Microsoft.Extensions.Logging.Abstractions": {
        "type": "Transitive",
        "resolved": "3.0.0",
        "contentHash": "+PsosTYZn+omucI0ff9eywo9QcPLwcbIWf7dz7ZLM1zGR8gVZXJ3wo6+tkuIedUNW5iWENlVJPEvrGjiVeoNNQ=="
      },
      "Microsoft.Extensions.Options": {
        "type": "Transitive",
        "resolved": "3.0.0",
        "contentHash": "aZuVhN/TC872Yb55nrb7an82sfSAdNYxIyzu3zbYHOnhwal5hdkBUxzuoYj1khI2sw0tWq6i82i624zEFmiJhg==",
        "dependencies": {
          "Microsoft.Extensions.DependencyInjection.Abstractions": "3.0.0",
          "Microsoft.Extensions.Primitives": "3.0.0"
        }
      },
      "Microsoft.Extensions.Primitives": {
        "type": "Transitive",
        "resolved": "3.0.0",
        "contentHash": "6gwewTbmOh+ZVBicVkL1XRp79sx4O7BVY6Yy+7OYZdwn3pyOKe9lOam+3gXJ3TZMjhJZdV0Ub8hxHt2vkrmN5Q=="
      },
      "Microsoft.JSInterop": {
        "type": "Transitive",
        "resolved": "3.0.0",
        "contentHash": "1MsiDhjO/GUXYzvhjDGs+xvVNHxsGZ1mlpIAhdVEvmVP5GHiUGoy3DcJVRewmfasyfD3nfFnuLiteLZXlF1ajw=="
      },
      "sharpsite.abstractions.theme": {
        "type": "Project"
      }
    }
  }
}