{
  "version": 2,
  "dependencies": {
    "net9.0": {
      "Microsoft.AspNetCore.Components.Web": {
        "type": "Direct",
        "requested": "[9.0.0, )",
        "resolved": "9.0.0",
        "contentHash": "ZfJwwV05T+268cnJsO6yfi9oXYLe3ATRAEk0VZgBMptA5HVsduIsnFLjhNOYT7+I8NolxDEx1CEW8yKe5xTb6Q==",
        "dependencies": {
          "Microsoft.AspNetCore.Components": "9.0.0",
          "Microsoft.AspNetCore.Components.Forms": "9.0.0",
          "Microsoft.Extensions.DependencyInjection": "9.0.0",
          "Microsoft.Extensions.Primitives": "9.0.0",
          "Microsoft.JSInterop": "9.0.0"
        }
      },
      "Microsoft.AspNetCore.Components.Analyzers": {
        "type": "Transitive",
        "resolved": "9.0.0",
        "contentHash": "maOE1qlJ9hf1Fb7PhFLw9bgP9mWckuDOcn1uKNt9/msdJG2YHl3cPRHojYa6CxliGHIXL8Da4qPgeUc4CaOoeg=="
      },
      "Microsoft.AspNetCore.Components.Forms": {
        "type": "Transitive",
        "resolved": "9.0.0",
        "contentHash": "orHGxDkbAa9syuaLVtZWOhNC8IddnCsDqpFaKjBj4zxe+B8cd6kcNf/t4Lv5hWBQ7mODiRCzEfKBnpU+GCHvbw==",
        "dependencies": {
          "Microsoft.AspNetCore.Components": "9.0.0"
        }
      },
      "Microsoft.AspNetCore.Metadata": {
        "type": "Transitive",
        "resolved": "9.0.0",
        "contentHash": "X81C891nMuWgzNHyZ0C3s+blSDxRHzQHDFYQoOKtFvFuxGq3BbkLbc5CfiCqIzA/sWIfz6u8sGBgwntQwBJWBw=="
      },
      "Microsoft.Extensions.DependencyInjection": {
        "type": "Transitive",
        "resolved": "9.0.0",
        "contentHash": "MCPrg7v3QgNMr0vX4vzRXvkNGgLg8vKWX0nKCWUxu2uPyMsaRgiRc1tHBnbTcfJMhMKj2slE/j2M9oGkd25DNw==",
        "dependencies": {
          "Microsoft.Extensions.DependencyInjection.Abstractions": "9.0.0"
        }
      },
      "Microsoft.Extensions.DependencyInjection.Abstractions": {
        "type": "Transitive",
        "resolved": "9.0.0",
        "contentHash": "+6f2qv2a3dLwd5w6JanPIPs47CxRbnk+ZocMJUhv9NxP88VlOcJYZs9jY+MYSjxvady08bUZn6qgiNh7DadGgg=="
      },
      "Microsoft.Extensions.Options": {
        "type": "Transitive",
        "resolved": "9.0.0",
        "contentHash": "y2146b3jrPI3Q0lokKXdKLpmXqakYbDIPDV6r3M8SqvSf45WwOTzkyfDpxnZXJsJQEpAsAqjUq5Pu8RCJMjubg==",
        "dependencies": {
          "Microsoft.Extensions.DependencyInjection.Abstractions": "9.0.0",
          "Microsoft.Extensions.Primitives": "9.0.0"
        }
      },
      "Microsoft.Extensions.Primitives": {
        "type": "Transitive",
        "resolved": "9.0.0",
        "contentHash": "N3qEBzmLMYiASUlKxxFIISP4AiwuPTHF5uCh+2CWSwwzAJiIYx0kBJsS30cp1nvhSySFAVi30jecD307jV+8Kg=="
      },
      "Microsoft.JSInterop": {
        "type": "Transitive",
        "resolved": "9.0.0",
        "contentHash": "efQKxKUPe8OuH0hRiYsvBJkhhPzIYFNcr9+3wanQ7Bch/wr1JWNd90GYiPLtkSHepE1zMEoaLkAxi5N5/eyC4Q=="
      },
      "sharpsite.abstractions.theme": {
        "type": "Project"
      },
      "Microsoft.AspNetCore.Authorization": {
        "type": "CentralTransitive",
        "requested": "[9.0.0, )",
        "resolved": "9.0.0",
        "contentHash": "qDJlBC5pUQ/3o6/C6Vuo9CGKtV5TAe5AdKeHvDR2bgmw8vwPxsAy3KG5eU0i1C+iAUNbmq+iDTbiKt16f9pRiA==",
        "dependencies": {
          "Microsoft.AspNetCore.Metadata": "9.0.0",
          "Microsoft.Extensions.Logging.Abstractions": "9.0.0",
          "Microsoft.Extensions.Options": "9.0.0"
        }
      },
      "Microsoft.AspNetCore.Components": {
        "type": "CentralTransitive",
        "requested": "[9.0.0, )",
        "resolved": "9.0.0",
        "contentHash": "xKzY0LRqWrwuPVzKIF9k1kC21NrLmIE2qPhhKlInEAdYqNe8qcMoPWZy7fo1uScHkz5g73nTqDDra3+aAV7mTQ==",
        "dependencies": {
          "Microsoft.AspNetCore.Authorization": "9.0.0",
          "Microsoft.AspNetCore.Components.Analyzers": "9.0.0"
        }
      },
      "Microsoft.Extensions.Logging.Abstractions": {
        "type": "CentralTransitive",
        "requested": "[9.0.0, )",
        "resolved": "9.0.0",
        "contentHash": "g0UfujELzlLbHoVG8kPKVBaW470Ewi+jnptGS9KUi6jcb+k2StujtK3m26DFSGGwQ/+bVgZfsWqNzlP6YOejvw==",
        "dependencies": {
          "Microsoft.Extensions.DependencyInjection.Abstractions": "9.0.0"
        }
      }
    }
  }
}